// !$*UTF8*$!
{
	archiveVersion = 1;
	classes = {
	};
	objectVersion = 48;
	objects = {

/* Begin PBXBuildFile section */
		18D3D82D21C7CD880095767E /* AppDelegate.m in Sources */ = {isa = PBXBuildFile; fileRef = 18D3D82C21C7CD880095767E /* AppDelegate.m */; };
		18D3D83021C7CD880095767E /* ViewController.m in Sources */ = {isa = PBXBuildFile; fileRef = 18D3D82F21C7CD880095767E /* ViewController.m */; };
		18D3D83321C7CD880095767E /* Main.storyboard in Resources */ = {isa = PBXBuildFile; fileRef = 18D3D83121C7CD880095767E /* Main.storyboard */; };
		18D3D83521C7CD880095767E /* Assets.xcassets in Resources */ = {isa = PBXBuildFile; fileRef = 18D3D83421C7CD880095767E /* Assets.xcassets */; };
		18D3D83821C7CD880095767E /* LaunchScreen.storyboard in Resources */ = {isa = PBXBuildFile; fileRef = 18D3D83621C7CD880095767E /* LaunchScreen.storyboard */; };
		18D3D83B21C7CD880095767E /* main.m in Sources */ = {isa = PBXBuildFile; fileRef = 18D3D83A21C7CD880095767E /* main.m */; };
/* End PBXBuildFile section */

/* Begin PBXFileReference section */
		18D3D82821C7CD880095767E /* LibraryReference.app */ = {isa = PBXFileReference; explicitFileType = wrapper.application; includeInIndex = 0; path = LibraryReference.app; sourceTree = BUILT_PRODUCTS_DIR; };
		18D3D82B21C7CD880095767E /* AppDelegate.h */ = {isa = PBXFileReference; lastKnownFileType = sourcecode.c.h; path = AppDelegate.h; sourceTree = "<group>"; };
		18D3D82C21C7CD880095767E /* AppDelegate.m */ = {isa = PBXFileReference; lastKnownFileType = sourcecode.c.objc; path = AppDelegate.m; sourceTree = "<group>"; };
		18D3D82E21C7CD880095767E /* ViewController.h */ = {isa = PBXFileReference; lastKnownFileType = sourcecode.c.h; path = ViewController.h; sourceTree = "<group>"; };
		18D3D82F21C7CD880095767E /* ViewController.m */ = {isa = PBXFileReference; lastKnownFileType = sourcecode.c.objc; path = ViewController.m; sourceTree = "<group>"; };
		18D3D83221C7CD880095767E /* Base */ = {isa = PBXFileReference; lastKnownFileType = file.storyboard; name = Base; path = Base.lproj/Main.storyboard; sourceTree = "<group>"; };
		18D3D83421C7CD880095767E /* Assets.xcassets */ = {isa = PBXFileReference; lastKnownFileType = folder.assetcatalog; path = Assets.xcassets; sourceTree = "<group>"; };
		18D3D83721C7CD880095767E /* Base */ = {isa = PBXFileReference; lastKnownFileType = file.storyboard; name = Base; path = Base.lproj/LaunchScreen.storyboard; sourceTree = "<group>"; };
		18D3D83921C7CD880095767E /* Info.plist */ = {isa = PBXFileReference; lastKnownFileType = text.plist.xml; path = Info.plist; sourceTree = "<group>"; };
		18D3D83A21C7CD880095767E /* main.m */ = {isa = PBXFileReference; lastKnownFileType = sourcecode.c.objc; path = main.m; sourceTree = "<group>"; };
/* End PBXFileReference section */

/* Begin PBXFrameworksBuildPhase section */
		18D3D82521C7CD880095767E /* Frameworks */ = {
			isa = PBXFrameworksBuildPhase;
			buildActionMask = 2147483647;
			files = (
			);
			runOnlyForDeploymentPostprocessing = 0;
		};
/* End PBXFrameworksBuildPhase section */

/* Begin PBXGroup section */
		18D3D81F21C7CD880095767E = {
			isa = PBXGroup;
			children = (
				18D3D82A21C7CD880095767E /* LibraryReference */,
				18D3D82921C7CD880095767E /* Products */,
			);
			sourceTree = "<group>";
		};
		18D3D82921C7CD880095767E /* Products */ = {
			isa = PBXGroup;
			children = (
				18D3D82821C7CD880095767E /* LibraryReference.app */,
			);
			name = Products;
			sourceTree = "<group>";
		};
		18D3D82A21C7CD880095767E /* LibraryReference */ = {
			isa = PBXGroup;
			children = (
				18D3D82B21C7CD880095767E /* AppDelegate.h */,
				18D3D82C21C7CD880095767E /* AppDelegate.m */,
				18D3D82E21C7CD880095767E /* ViewController.h */,
				18D3D82F21C7CD880095767E /* ViewController.m */,
				18D3D83121C7CD880095767E /* Main.storyboard */,
				18D3D83421C7CD880095767E /* Assets.xcassets */,
				18D3D83621C7CD880095767E /* LaunchScreen.storyboard */,
				18D3D83921C7CD880095767E /* Info.plist */,
				18D3D83A21C7CD880095767E /* main.m */,
			);
			path = LibraryReference;
			sourceTree = "<group>";
		};
/* End PBXGroup section */

/* Begin PBXNativeTarget section */
		18D3D82721C7CD880095767E /* LibraryReference */ = {
			isa = PBXNativeTarget;
			buildConfigurationList = 18D3D83E21C7CD880095767E /* Build configuration list for PBXNativeTarget "LibraryReference" */;
			buildPhases = (
				18D3D82421C7CD880095767E /* Sources */,
				18D3D82521C7CD880095767E /* Frameworks */,
				18D3D82621C7CD880095767E /* Resources */,
			);
			buildRules = (
			);
			dependencies = (
			);
			name = LibraryReference;
			productName = LibraryReference;
			productReference = 18D3D82821C7CD880095767E /* LibraryReference.app */;
			productType = "com.apple.product-type.application";
		};
/* End PBXNativeTarget section */

/* Begin PBXProject section */
		18D3D82021C7CD880095767E /* Project object */ = {
			isa = PBXProject;
			attributes = {
				LastUpgradeCheck = 0920;
				ORGANIZATIONNAME = "马大哈";
				TargetAttributes = {
					18D3D82721C7CD880095767E = {
						CreatedOnToolsVersion = 9.2;
						ProvisioningStyle = Manual;
					};
				};
			};
			buildConfigurationList = 18D3D82321C7CD880095767E /* Build configuration list for PBXProject "LibraryReference" */;
			compatibilityVersion = "Xcode 8.0";
			developmentRegion = en;
			hasScannedForEncodings = 0;
			knownRegions = (
				en,
				Base,
			);
			mainGroup = 18D3D81F21C7CD880095767E;
			productRefGroup = 18D3D82921C7CD880095767E /* Products */;
			projectDirPath = "";
			projectRoot = "";
			targets = (
				18D3D82721C7CD880095767E /* LibraryReference */,
			);
		};
/* End PBXProject section */

/* Begin PBXResourcesBuildPhase section */
		18D3D82621C7CD880095767E /* Resources */ = {
			isa = PBXResourcesBuildPhase;
			buildActionMask = 2147483647;
			files = (
				18D3D83821C7CD880095767E /* LaunchScreen.storyboard in Resources */,
				18D3D83521C7CD880095767E /* Assets.xcassets in Resources */,
				18D3D83321C7CD880095767E /* Main.storyboard in Resources */,
			);
			runOnlyForDeploymentPostprocessing = 0;
		};
/* End PBXResourcesBuildPhase section */

/* Begin PBXSourcesBuildPhase section */
		18D3D82421C7CD880095767E /* Sources */ = {
			isa = PBXSourcesBuildPhase;
			buildActionMask = 2147483647;
			files = (
				18D3D83021C7CD880095767E /* ViewController.m in Sources */,
				18D3D83B21C7CD880095767E /* main.m in Sources */,
				18D3D82D21C7CD880095767E /* AppDelegate.m in Sources */,
			);
			runOnlyForDeploymentPostprocessing = 0;
		};
/* End PBXSourcesBuildPhase section */

/* Begin PBXVariantGroup section */
		18D3D83121C7CD880095767E /* Main.storyboard */ = {
			isa = PBXVariantGroup;
			children = (
				18D3D83221C7CD880095767E /* Base */,
			);
			name = Main.storyboard;
			sourceTree = "<group>";
		};
		18D3D83621C7CD880095767E /* LaunchScreen.storyboard */ = {
			isa = PBXVariantGroup;
			children = (
				18D3D83721C7CD880095767E /* Base */,
			);
			name = LaunchScreen.storyboard;
			sourceTree = "<group>";
		};
/* End PBXVariantGroup section */

/* Begin XCBuildConfiguration section */
		18D3D83C21C7CD880095767E /* Debug */ = {
			isa = XCBuildConfiguration;
			buildSettings = {
				ALWAYS_SEARCH_USER_PATHS = NO;
				CLANG_ANALYZER_NONNULL = YES;
				CLANG_ANALYZER_NUMBER_OBJECT_CONVERSION = YES_AGGRESSIVE;
				CLANG_CXX_LANGUAGE_STANDARD = "gnu++14";
				CLANG_CXX_LIBRARY = "libc++";
				CLANG_ENABLE_MODULES = YES;
				CLANG_ENABLE_OBJC_ARC = YES;
				CLANG_WARN_BLOCK_CAPTURE_AUTORELEASING = YES;
				CLANG_WARN_BOOL_CONVERSION = YES;
				CLANG_WARN_COMMA = YES;
				CLANG_WARN_CONSTANT_CONVERSION = YES;
				CLANG_WARN_DIRECT_OBJC_ISA_USAGE = YES_ERROR;
				CLANG_WARN_DOCUMENTATION_COMMENTS = YES;
				CLANG_WARN_EMPTY_BODY = YES;
				CLANG_WARN_ENUM_CONVERSION = YES;
				CLANG_WARN_INFINITE_RECURSION = YES;
				CLANG_WARN_INT_CONVERSION = YES;
				CLANG_WARN_NON_LITERAL_NULL_CONVERSION = YES;
				CLANG_WARN_OBJC_LITERAL_CONVERSION = YES;
				CLANG_WARN_OBJC_ROOT_CLASS = YES_ERROR;
				CLANG_WARN_RANGE_LOOP_ANALYSIS = YES;
				CLANG_WARN_STRICT_PROTOTYPES = YES;
				CLANG_WARN_SUSPICIOUS_MOVE = YES;
				CLANG_WARN_UNGUARDED_AVAILABILITY = YES_AGGRESSIVE;
				CLANG_WARN_UNREACHABLE_CODE = YES;
				CLANG_WARN__DUPLICATE_METHOD_MATCH = YES;
				CODE_SIGN_IDENTITY = "iPhone Developer";
				COPY_PHASE_STRIP = NO;
				DEBUG_INFORMATION_FORMAT = dwarf;
				ENABLE_STRICT_OBJC_MSGSEND = YES;
				ENABLE_TESTABILITY = YES;
				GCC_C_LANGUAGE_STANDARD = gnu11;
				GCC_DYNAMIC_NO_PIC = NO;
				GCC_NO_COMMON_BLOCKS = YES;
				GCC_OPTIMIZATION_LEVEL = 0;
				GCC_PREPROCESSOR_DEFINITIONS = (
					"DEBUG=1",
					"$(inherited)",
				);
				GCC_WARN_64_TO_32_BIT_CONVERSION = YES;
				GCC_WARN_ABOUT_RETURN_TYPE = YES_ERROR;
				GCC_WARN_UNDECLARED_SELECTOR = YES;
				GCC_WARN_UNINITIALIZED_AUTOS = YES_AGGRESSIVE;
				GCC_WARN_UNUSED_FUNCTION = YES;
				GCC_WARN_UNUSED_VARIABLE = YES;
				IPHONEOS_DEPLOYMENT_TARGET = 11.2;
				MTL_ENABLE_DEBUG_INFO = YES;
				ONLY_ACTIVE_ARCH = YES;
				SDKROOT = iphoneos;
			};
			name = Debug;
		};
		18D3D83D21C7CD880095767E /* Release */ = {
			isa = XCBuildConfiguration;
			buildSettings = {
				ALWAYS_SEARCH_USER_PATHS = NO;
				CLANG_ANALYZER_NONNULL = YES;
				CLANG_ANALYZER_NUMBER_OBJECT_CONVERSION = YES_AGGRESSIVE;
				CLANG_CXX_LANGUAGE_STANDARD = "gnu++14";
				CLANG_CXX_LIBRARY = "libc++";
				CLANG_ENABLE_MODULES = YES;
				CLANG_ENABLE_OBJC_ARC = YES;
				CLANG_WARN_BLOCK_CAPTURE_AUTORELEASING = YES;
				CLANG_WARN_BOOL_CONVERSION = YES;
				CLANG_WARN_COMMA = YES;
				CLANG_WARN_CONSTANT_CONVERSION = YES;
				CLANG_WARN_DIRECT_OBJC_ISA_USAGE = YES_ERROR;
				CLANG_WARN_DOCUMENTATION_COMMENTS = YES;
				CLANG_WARN_EMPTY_BODY = YES;
				CLANG_WARN_ENUM_CONVERSION = YES;
				CLANG_WARN_INFINITE_RECURSION = YES;
				CLANG_WARN_INT_CONVERSION = YES;
				CLANG_WARN_NON_LITERAL_NULL_CONVERSION = YES;
				CLANG_WARN_OBJC_LITERAL_CONVERSION = YES;
				CLANG_WARN_OBJC_ROOT_CLASS = YES_ERROR;
				CLANG_WARN_RANGE_LOOP_ANALYSIS = YES;
				CLANG_WARN_STRICT_PROTOTYPES = YES;
				CLANG_WARN_SUSPICIOUS_MOVE = YES;
				CLANG_WARN_UNGUARDED_AVAILABILITY = YES_AGGRESSIVE;
				CLANG_WARN_UNREACHABLE_CODE = YES;
				CLANG_WARN__DUPLICATE_METHOD_MATCH = YES;
				CODE_SIGN_IDENTITY = "iPhone Developer";
				COPY_PHASE_STRIP = NO;
				DEBUG_INFORMATION_FORMAT = "dwarf-with-dsym";
				ENABLE_NS_ASSERTIONS = NO;
				ENABLE_STRICT_OBJC_MSGSEND = YES;
				GCC_C_LANGUAGE_STANDARD = gnu11;
				GCC_NO_COMMON_BLOCKS = YES;
				GCC_WARN_64_TO_32_BIT_CONVERSION = YES;
				GCC_WARN_ABOUT_RETURN_TYPE = YES_ERROR;
				GCC_WARN_UNDECLARED_SELECTOR = YES;
				GCC_WARN_UNINITIALIZED_AUTOS = YES_AGGRESSIVE;
				GCC_WARN_UNUSED_FUNCTION = YES;
				GCC_WARN_UNUSED_VARIABLE = YES;
				IPHONEOS_DEPLOYMENT_TARGET = 11.2;
				MTL_ENABLE_DEBUG_INFO = NO;
				SDKROOT = iphoneos;
				VALIDATE_PRODUCT = YES;
			};
			name = Release;
		};
		18D3D83F21C7CD880095767E /* Debug */ = {
			isa = XCBuildConfiguration;
			buildSettings = {
				ASSETCATALOG_COMPILER_APPICON_NAME = AppIcon;
				CODE_SIGN_STYLE = Manual;
				DEVELOPMENT_TEAM = "";
				INFOPLIST_FILE = LibraryReference/Info.plist;
				LD_RUNPATH_SEARCH_PATHS = "$(inherited) @executable_path/Frameworks";
				PRODUCT_BUNDLE_IDENTIFIER = com.madaha.LibraryReference;
				PRODUCT_NAME = "$(TARGET_NAME)";
				PROVISIONING_PROFILE_SPECIFIER = "";
				TARGETED_DEVICE_FAMILY = "1,2";
			};
			name = Debug;
		};
		18D3D84021C7CD880095767E /* Release */ = {
			isa = XCBuildConfiguration;
			buildSettings = {
				ASSETCATALOG_COMPILER_APPICON_NAME = AppIcon;
				CODE_SIGN_STYLE = Manual;
				DEVELOPMENT_TEAM = "";
				INFOPLIST_FILE = LibraryReference/Info.plist;
				LD_RUNPATH_SEARCH_PATHS = "$(inherited) @executable_path/Frameworks";
				PRODUCT_BUNDLE_IDENTIFIER = com.madaha.LibraryReference;
				PRODUCT_NAME = "$(TARGET_NAME)";
				PROVISIONING_PROFILE_SPECIFIER = "";
				TARGETED_DEVICE_FAMILY = "1,2";
			};
			name = Release;
		};
/* End XCBuildConfiguration section */

/* Begin XCConfigurationList section */
		18D3D82321C7CD880095767E /* Build configuration list for PBXProject "LibraryReference" */ = {
			isa = XCConfigurationList;
			buildConfigurations = (
				18D3D83C21C7CD880095767E /* Debug */,
				18D3D83D21C7CD880095767E /* Release */,
			);
			defaultConfigurationIsVisible = 0;
			defaultConfigurationName = Release;
		};
		18D3D83E21C7CD880095767E /* Build configuration list for PBXNativeTarget "LibraryReference" */ = {
			isa = XCConfigurationList;
			buildConfigurations = (
				18D3D83F21C7CD880095767E /* Debug */,
				18D3D84021C7CD880095767E /* Release */,
			);
			defaultConfigurationIsVisible = 0;
			defaultConfigurationName = Release;
		};
/* End XCConfigurationList section */
	};
	rootObject = 18D3D82021C7CD880095767E /* Project object */;
}
